
Microsoft Visual Studio Solution File, Format Version 12.00
# Visual Studio Version 17
VisualStudioVersion = 17.12.35707.178 d17.12
MinimumVisualStudioVersion = 10.0.40219.1
Project("{FAE04EC0-301F-11D3-BF4B-00C04F79EFBC}") = "Inventory.Service", "Inventory.Service\Inventory.Service.csproj", "{3CC77881-0C2D-4065-84B8-A51EA79027A3}"
EndProject
Project("{2150E333-8FDC-42A3-9474-1A3956D46DE8}") = "src", "src", "{2A75B778-0584-40B4-9A06-809C513A1B43}"
EndProject
Project("{2150E333-8FDC-42A3-9474-1A3956D46DE8}") = "tests", "tests", "{640B2D73-84DF-41D6-A505-2CD626F75852}"
EndProject
Global
	GlobalSection(SolutionConfigurationPlatforms) = preSolution
		Debug|Any CPU = Debug|Any CPU
		Release|Any CPU = Release|Any CPU
	EndGlobalSection
	GlobalSection(ProjectConfigurationPlatforms) = postSolution
		{3CC77881-0C2D-4065-84B8-A51EA79027A3}.Debug|Any CPU.ActiveCfg = Debug|Any CPU
		{3CC77881-0C2D-4065-84B8-A51EA79027A3}.Debug|Any CPU.Build.0 = Debug|Any CPU
		{3CC77881-0C2D-4065-84B8-A51EA79027A3}.Release|Any CPU.ActiveCfg = Release|Any CPU
		{3CC77881-0C2D-4065-84B8-A51EA79027A3}.Release|Any CPU.Build.0 = Release|Any CPU
	EndGlobalSection
	GlobalSection(SolutionProperties) = preSolution
		HideSolutionNode = FALSE
	EndGlobalSection
	GlobalSection(NestedProjects) = preSolution
		{3CC77881-0C2D-4065-84B8-A51EA79027A3} = {2A75B778-0584-40B4-9A06-809C513A1B43}
	EndGlobalSection
EndGlobal
